
Microsoft Visual Studio Solution File, Format Version 12.00
# Visual Studio Version 16
VisualStudioVersion = 16.0.29326.143
MinimumVisualStudioVersion = 10.0.40219.1
Project("{FAE04EC0-301F-11D3-BF4B-00C04F79EFBC}") = "Drawboard", "Drawboard\Drawboard.csproj", "{2EE8B219-8715-4894-B964-31934954B31C}"
EndProject
Project("{FAE04EC0-301F-11D3-BF4B-00C04F79EFBC}") = "Domain", "Domain\Domain.csproj", "{D295AAAB-A544-4067-A2BA-E2F82CAFB90B}"
EndProject
Project("{FAE04EC0-301F-11D3-BF4B-00C04F79EFBC}") = "BL", "BL\BL.csproj", "{3761D5B8-FB72-4FED-ACD3-B83BAFAE2845}"
EndProject
Project("{FAE04EC0-301F-11D3-BF4B-00C04F79EFBC}") = "UT", "UT\UT.csproj", "{C14D3E92-C29C-44CD-B9F6-B1254B877A4E}"
EndProject
Global
	GlobalSection(SolutionConfigurationPlatforms) = preSolution
		Debug|Any CPU = Debug|Any CPU
		Release|Any CPU = Release|Any CPU
	EndGlobalSection
	GlobalSection(ProjectConfigurationPlatforms) = postSolution
		{2EE8B219-8715-4894-B964-31934954B31C}.Debug|Any CPU.ActiveCfg = Debug|Any CPU
		{2EE8B219-8715-4894-B964-31934954B31C}.Debug|Any CPU.Build.0 = Debug|Any CPU
		{2EE8B219-8715-4894-B964-31934954B31C}.Release|Any CPU.ActiveCfg = Release|Any CPU
		{2EE8B219-8715-4894-B964-31934954B31C}.Release|Any CPU.Build.0 = Release|Any CPU
		{D295AAAB-A544-4067-A2BA-E2F82CAFB90B}.Debug|Any CPU.ActiveCfg = Debug|Any CPU
		{D295AAAB-A544-4067-A2BA-E2F82CAFB90B}.Debug|Any CPU.Build.0 = Debug|Any CPU
		{D295AAAB-A544-4067-A2BA-E2F82CAFB90B}.Release|Any CPU.ActiveCfg = Release|Any CPU
		{D295AAAB-A544-4067-A2BA-E2F82CAFB90B}.Release|Any CPU.Build.0 = Release|Any CPU
		{3761D5B8-FB72-4FED-ACD3-B83BAFAE2845}.Debug|Any CPU.ActiveCfg = Debug|Any CPU
		{3761D5B8-FB72-4FED-ACD3-B83BAFAE2845}.Debug|Any CPU.Build.0 = Debug|Any CPU
		{3761D5B8-FB72-4FED-ACD3-B83BAFAE2845}.Release|Any CPU.ActiveCfg = Release|Any CPU
		{3761D5B8-FB72-4FED-ACD3-B83BAFAE2845}.Release|Any CPU.Build.0 = Release|Any CPU
		{C14D3E92-C29C-44CD-B9F6-B1254B877A4E}.Debug|Any CPU.ActiveCfg = Debug|Any CPU
		{C14D3E92-C29C-44CD-B9F6-B1254B877A4E}.Debug|Any CPU.Build.0 = Debug|Any CPU
		{C14D3E92-C29C-44CD-B9F6-B1254B877A4E}.Release|Any CPU.ActiveCfg = Release|Any CPU
		{C14D3E92-C29C-44CD-B9F6-B1254B877A4E}.Release|Any CPU.Build.0 = Release|Any CPU
	EndGlobalSection
	GlobalSection(SolutionProperties) = preSolution
		HideSolutionNode = FALSE
	EndGlobalSection
	GlobalSection(ExtensibilityGlobals) = postSolution
		SolutionGuid = {7B478BFE-A8C9-4FC3-96DD-B47E33532536}
	EndGlobalSection
EndGlobal
